<?xml version="1.0" encoding="utf-8"?>
<Project ToolsVersion="4.0" xmlns="http://schemas.microsoft.com/developer/msbuild/2003">
  <ItemGroup>
    <ClInclude Include="framework.h">
      <Filter>Default</Filter>
    </ClInclude>
    <ClInclude Include="pch.h">
      <Filter>Default</Filter>
    </ClInclude>
    <ClInclude Include="global.h">
      <Filter>01. Header</Filter>
    </ClInclude>
    <ClInclude Include="enum.h">
      <Filter>01. Header</Filter>
    </ClInclude>
    <ClInclude Include="func.h">
      <Filter>01. Header</Filter>
    </ClInclude>
    <ClInclude Include="struct.h">
      <Filter>01. Header</Filter>
    </ClInclude>
    <ClInclude Include="singleton.h">
      <Filter>01. Header</Filter>
    </ClInclude>
    <ClInclude Include="assets.h">
      <Filter>01. Header</Filter>
    </ClInclude>
    <ClInclude Include="components.h">
      <Filter>01. Header</Filter>
    </ClInclude>
    <ClInclude Include="SimpleMath.h">
      <Filter>Module</Filter>
    </ClInclude>
    <ClInclude Include="CEngine.h">
      <Filter>02. Engine</Filter>
    </ClInclude>
    <ClInclude Include="CConstBuffer.h">
      <Filter>03. Device\ConstBuffer</Filter>
    </ClInclude>
    <ClInclude Include="CDevice.h">
      <Filter>03. Device</Filter>
    </ClInclude>
    <ClInclude Include="CEntity.h">
      <Filter>Module</Filter>
    </ClInclude>
    <ClInclude Include="CPathMgr.h">
      <Filter>04. Manager\01. PathMgr</Filter>
    </ClInclude>
    <ClInclude Include="CTimeMgr.h">
      <Filter>04. Manager\02. TimeMgr</Filter>
    </ClInclude>
    <ClInclude Include="CKeyMgr.h">
      <Filter>04. Manager\03. KeyMgr</Filter>
    </ClInclude>
    <ClInclude Include="CGameObject.h">
      <Filter>07. GameObject</Filter>
    </ClInclude>
    <ClInclude Include="CTransform.h">
      <Filter>08. Component\01. Transform</Filter>
    </ClInclude>
    <ClInclude Include="CLevel.h">
      <Filter>05. Level</Filter>
    </ClInclude>
    <ClInclude Include="CLayer.h">
      <Filter>05. Level</Filter>
    </ClInclude>
    <ClInclude Include="CCamera.h">
      <Filter>08. Component\07. Camera</Filter>
    </ClInclude>
    <ClInclude Include="CComponent.h">
      <Filter>08. Component</Filter>
    </ClInclude>
    <ClInclude Include="CLevelMgr.h">
      <Filter>04. Manager\04. LevelMgr</Filter>
    </ClInclude>
    <ClInclude Include="CRenderMgr.h">
      <Filter>04. Manager\06. RenderMgr</Filter>
    </ClInclude>
    <ClInclude Include="CAsset.h">
      <Filter>06. Asset</Filter>
    </ClInclude>
    <ClInclude Include="CAssetMgr.h">
      <Filter>04. Manager\05. AssetMgr</Filter>
    </ClInclude>
    <ClInclude Include="CMesh.h">
      <Filter>06. Asset\01. Mesh</Filter>
    </ClInclude>
    <ClInclude Include="CGraphicShader.h">
      <Filter>06. Asset\Shader\07. GraphicShader</Filter>
    </ClInclude>
    <ClInclude Include="CComputeShader.h">
      <Filter>06. Asset\Shader\08. ComputeShader</Filter>
    </ClInclude>
    <ClInclude Include="Ptr.h">
      <Filter>06. Asset</Filter>
    </ClInclude>
    <ClInclude Include="CMeshRender.h">
      <Filter>08. Component\RenderComponent\01. MeshRenderer</Filter>
    </ClInclude>
    <ClInclude Include="CRenderComponent.h">
      <Filter>08. Component\RenderComponent</Filter>
    </ClInclude>
    <ClInclude Include="CScript.h">
      <Filter>08. Component\Script</Filter>
    </ClInclude>
    <ClInclude Include="CShader.h">
      <Filter>06. Asset\Shader</Filter>
    </ClInclude>
    <ClInclude Include="CTexture.h">
      <Filter>06. Asset\05. Texture</Filter>
    </ClInclude>
    <ClInclude Include="CMaterial.h">
      <Filter>06. Asset\03. Material</Filter>
    </ClInclude>
    <ClInclude Include="CCollider2D.h">
      <Filter>08. Component\02. Collider2D</Filter>
    </ClInclude>
    <ClInclude Include="CCollisionMgr.h">
      <Filter>04. Manager\07. CollisionMgr</Filter>
    </ClInclude>
    <ClInclude Include="CTaskMgr.h">
      <Filter>04. Manager\TaskMgr</Filter>
    </ClInclude>
    <ClInclude Include="CSprite.h">
      <Filter>06. Asset\07. Sprite</Filter>
    </ClInclude>
    <ClInclude Include="CFlipBook.h">
      <Filter>06. Asset\08. FlipBook</Filter>
    </ClInclude>
    <ClInclude Include="CFlipBookComponent.h">
      <Filter>08. Component\04. FlipBookComponent</Filter>
    </ClInclude>
    <ClInclude Include="CTileMap.h">
      <Filter>08. Component\RenderComponent\02. TileMap</Filter>
    </ClInclude>
    <ClInclude Include="CStructuredBuffer.h">
      <Filter>03. Device\StructuredBuffer</Filter>
    </ClInclude>
    <ClInclude Include="CLight2D.h">
      <Filter>08. Component\08. Light2D</Filter>
    </ClInclude>
    <ClInclude Include="define.h">
      <Filter>01. Header</Filter>
    </ClInclude>
    <ClInclude Include="CPrefab.h">
      <Filter>06. Asset\04. Prefab</Filter>
    </ClInclude>
    <ClInclude Include="CParticleSystem.h">
      <Filter>08. Component\RenderComponent\03. ParticleSystem</Filter>
    </ClInclude>
    <ClInclude Include="CSetColorCS.h">
      <Filter>HLSL\03. Compute\01. SetColorShader</Filter>
    </ClInclude>
    <ClInclude Include="CParticleTickCS.h">
      <Filter>HLSL\03. Compute\02. ParticleTick</Filter>
    </ClInclude>
    <ClInclude Include="CSound.h">
      <Filter>06. Asset\06. Sound</Filter>
    </ClInclude>
    <ClInclude Include="CFontMgr.h">
      <Filter>04. Manager\08.FontMgr</Filter>
    </ClInclude>
  </ItemGroup>
  <ItemGroup>
    <ClCompile Include="pch.cpp">
      <Filter>Default</Filter>
    </ClCompile>
    <ClCompile Include="CEngine.cpp">
      <Filter>02. Engine</Filter>
    </ClCompile>
    <ClCompile Include="CConstBuffer.cpp">
      <Filter>03. Device\ConstBuffer</Filter>
    </ClCompile>
    <ClCompile Include="CDevice.cpp">
      <Filter>03. Device</Filter>
    </ClCompile>
    <ClCompile Include="CEntity.cpp">
      <Filter>Module</Filter>
    </ClCompile>
    <ClCompile Include="CPathMgr.cpp">
      <Filter>04. Manager\01. PathMgr</Filter>
    </ClCompile>
    <ClCompile Include="CTimeMgr.cpp">
      <Filter>04. Manager\02. TimeMgr</Filter>
    </ClCompile>
    <ClCompile Include="CKeyMgr.cpp">
      <Filter>04. Manager\03. KeyMgr</Filter>
    </ClCompile>
    <ClCompile Include="CGameObject.cpp">
      <Filter>07. GameObject</Filter>
    </ClCompile>
    <ClCompile Include="extern.cpp">
      <Filter>01. Header</Filter>
    </ClCompile>
    <ClCompile Include="CTransform.cpp">
      <Filter>08. Component\01. Transform</Filter>
    </ClCompile>
    <ClCompile Include="CLevel.cpp">
      <Filter>05. Level</Filter>
    </ClCompile>
    <ClCompile Include="CLayer.cpp">
      <Filter>05. Level</Filter>
    </ClCompile>
    <ClCompile Include="CCamera.cpp">
      <Filter>08. Component\07. Camera</Filter>
    </ClCompile>
    <ClCompile Include="CComponent.cpp">
      <Filter>08. Component</Filter>
    </ClCompile>
    <ClCompile Include="CLevelMgr.cpp">
      <Filter>04. Manager\04. LevelMgr</Filter>
    </ClCompile>
    <ClCompile Include="CRenderMgr.cpp">
      <Filter>04. Manager\06. RenderMgr</Filter>
    </ClCompile>
    <ClCompile Include="CAsset.cpp">
      <Filter>06. Asset</Filter>
    </ClCompile>
    <ClCompile Include="CAssetMgr.cpp">
      <Filter>04. Manager\05. AssetMgr</Filter>
    </ClCompile>
    <ClCompile Include="CMesh.cpp">
      <Filter>06. Asset\01. Mesh</Filter>
    </ClCompile>
    <ClCompile Include="CGraphicShader.cpp">
      <Filter>06. Asset\Shader\07. GraphicShader</Filter>
    </ClCompile>
    <ClCompile Include="CComputeShader.cpp">
      <Filter>06. Asset\Shader\08. ComputeShader</Filter>
    </ClCompile>
    <ClCompile Include="CMeshRender.cpp">
      <Filter>08. Component\RenderComponent\01. MeshRenderer</Filter>
    </ClCompile>
    <ClCompile Include="CRenderComponent.cpp">
      <Filter>08. Component\RenderComponent</Filter>
    </ClCompile>
    <ClCompile Include="CScript.cpp">
      <Filter>08. Component\Script</Filter>
    </ClCompile>
    <ClCompile Include="CShader.cpp">
      <Filter>06. Asset\Shader</Filter>
    </ClCompile>
    <ClCompile Include="CTexture.cpp">
      <Filter>06. Asset\05. Texture</Filter>
    </ClCompile>
    <ClCompile Include="CMaterial.cpp">
      <Filter>06. Asset\03. Material</Filter>
    </ClCompile>
    <ClCompile Include="CAssetInit.cpp">
      <Filter>04. Manager\05. AssetMgr</Filter>
    </ClCompile>
    <ClCompile Include="func.cpp">
      <Filter>01. Header</Filter>
    </ClCompile>
    <ClCompile Include="CCollider2D.cpp">
      <Filter>08. Component\02. Collider2D</Filter>
    </ClCompile>
    <ClCompile Include="CCollisionMgr.cpp">
      <Filter>04. Manager\07. CollisionMgr</Filter>
    </ClCompile>
    <ClCompile Include="CTaskMgr.cpp">
      <Filter>04. Manager\TaskMgr</Filter>
    </ClCompile>
    <ClCompile Include="CSprite.cpp">
      <Filter>06. Asset\07. Sprite</Filter>
    </ClCompile>
    <ClCompile Include="CFlipBook.cpp">
      <Filter>06. Asset\08. FlipBook</Filter>
    </ClCompile>
    <ClCompile Include="CFlipBookComponent.cpp">
      <Filter>08. Component\04. FlipBookComponent</Filter>
    </ClCompile>
    <ClCompile Include="CTileMap.cpp">
      <Filter>08. Component\RenderComponent\02. TileMap</Filter>
    </ClCompile>
    <ClCompile Include="CStructuredBuffer.cpp">
      <Filter>03. Device\StructuredBuffer</Filter>
    </ClCompile>
    <ClCompile Include="CLight2D.cpp">
      <Filter>08. Component\08. Light2D</Filter>
    </ClCompile>
    <ClCompile Include="CPrefab.cpp">
      <Filter>06. Asset\04. Prefab</Filter>
    </ClCompile>
    <ClCompile Include="CParticleSystem.cpp">
      <Filter>08. Component\RenderComponent\03. ParticleSystem</Filter>
    </ClCompile>
    <ClCompile Include="CSetColorCS.cpp">
      <Filter>HLSL\03. Compute\01. SetColorShader</Filter>
    </ClCompile>
    <ClCompile Include="CParticleTickCS.cpp">
      <Filter>HLSL\03. Compute\02. ParticleTick</Filter>
    </ClCompile>
    <ClCompile Include="CSound.cpp">
      <Filter>06. Asset\06. Sound</Filter>
    </ClCompile>
    <ClCompile Include="CFontMgr.cpp">
      <Filter>04. Manager\08.FontMgr</Filter>
    </ClCompile>
  </ItemGroup>
  <ItemGroup>
    <Filter Include="01. Header">
      <UniqueIdentifier>{623cd65d-3e75-403b-8c44-6fff4464eaf0}</UniqueIdentifier>
    </Filter>
    <Filter Include="02. Engine">
      <UniqueIdentifier>{025bb015-f1b8-48af-a501-898ed1849ef8}</UniqueIdentifier>
    </Filter>
    <Filter Include="03. Device">
      <UniqueIdentifier>{3a6a6dc7-a342-431a-9dcb-41d83987c350}</UniqueIdentifier>
    </Filter>
    <Filter Include="04. Manager">
      <UniqueIdentifier>{e3fd54ec-4139-483d-bc49-a79c36cf5101}</UniqueIdentifier>
    </Filter>
    <Filter Include="05. Level">
      <UniqueIdentifier>{2c50e97b-5e48-47f3-a0c6-6ca1d39ec942}</UniqueIdentifier>
    </Filter>
    <Filter Include="06. Asset">
      <UniqueIdentifier>{77f9839e-9106-4f7d-95a8-1bed2a791a43}</UniqueIdentifier>
    </Filter>
    <Filter Include="07. GameObject">
      <UniqueIdentifier>{a94261b6-6103-45fe-825a-72a6382e6b74}</UniqueIdentifier>
    </Filter>
    <Filter Include="08. Component">
      <UniqueIdentifier>{50db5aa7-d853-47be-a81c-01059d178bf3}</UniqueIdentifier>
    </Filter>
    <Filter Include="Default">
      <UniqueIdentifier>{de7ffc50-2455-4e94-8c73-09c5aab9a882}</UniqueIdentifier>
    </Filter>
    <Filter Include="HLSL">
      <UniqueIdentifier>{c871ff37-57fd-4d06-89e9-d116b082b434}</UniqueIdentifier>
    </Filter>
    <Filter Include="Module">
      <UniqueIdentifier>{19b504c0-b993-474a-b009-2a4a6642ed11}</UniqueIdentifier>
    </Filter>
    <Filter Include="03. Device\ConstBuffer">
      <UniqueIdentifier>{f4b347d5-42e3-472d-8c4c-61bce7bca1e2}</UniqueIdentifier>
    </Filter>
    <Filter Include="04. Manager\01. PathMgr">
      <UniqueIdentifier>{0311aa3a-e19d-41fa-9c80-d1906ac772ff}</UniqueIdentifier>
    </Filter>
    <Filter Include="04. Manager\02. TimeMgr">
      <UniqueIdentifier>{8974d3f7-4bc0-471f-9823-30d0d7ea8e26}</UniqueIdentifier>
    </Filter>
    <Filter Include="04. Manager\03. KeyMgr">
      <UniqueIdentifier>{ab2383fc-12fe-4003-8285-a5922986b372}</UniqueIdentifier>
    </Filter>
    <Filter Include="04. Manager\04. LevelMgr">
      <UniqueIdentifier>{8ca41ceb-e630-4d51-baa1-a031554792d4}</UniqueIdentifier>
    </Filter>
    <Filter Include="04. Manager\05. AssetMgr">
      <UniqueIdentifier>{490b4b36-fb82-455b-b842-9c6f36ee4322}</UniqueIdentifier>
    </Filter>
    <Filter Include="04. Manager\06. RenderMgr">
      <UniqueIdentifier>{776835a4-7689-41b3-b943-2aeca66e22c4}</UniqueIdentifier>
    </Filter>
    <Filter Include="04. Manager\TaskMgr">
      <UniqueIdentifier>{b7cac001-f8d8-41d1-8137-1139fcedbede}</UniqueIdentifier>
    </Filter>
    <Filter Include="08. Component\01. Transform">
      <UniqueIdentifier>{55acee29-3ba6-46df-8d32-d571fdff0fef}</UniqueIdentifier>
    </Filter>
    <Filter Include="08. Component\02. Collider2D">
      <UniqueIdentifier>{7a7e482f-bf35-47c2-b7c2-a0b2c2e9e174}</UniqueIdentifier>
    </Filter>
    <Filter Include="08. Component\03. Collider3D">
      <UniqueIdentifier>{e966afb4-8df6-4384-b070-d9f8dfce9e8d}</UniqueIdentifier>
    </Filter>
    <Filter Include="08. Component\05. Animator3D">
      <UniqueIdentifier>{67687f20-22ac-4fa6-8830-db9579270213}</UniqueIdentifier>
    </Filter>
    <Filter Include="08. Component\06. RigidBody">
      <UniqueIdentifier>{f617f959-9427-4a23-bcc3-5f5ab5ee6649}</UniqueIdentifier>
    </Filter>
    <Filter Include="08. Component\07. Camera">
      <UniqueIdentifier>{54accae9-b889-4bbd-afdf-30ffc9f72867}</UniqueIdentifier>
    </Filter>
    <Filter Include="06. Asset\01. Mesh">
      <UniqueIdentifier>{4f897358-7e9b-4081-932d-345f16087d54}</UniqueIdentifier>
    </Filter>
    <Filter Include="06. Asset\02. MeshData">
      <UniqueIdentifier>{96fe3f62-0fad-489b-bbff-78d5f931e38a}</UniqueIdentifier>
    </Filter>
    <Filter Include="06. Asset\03. Material">
      <UniqueIdentifier>{f9501c18-c473-47dc-b956-5b08603a204b}</UniqueIdentifier>
    </Filter>
    <Filter Include="06. Asset\04. Prefab">
      <UniqueIdentifier>{1ff6c692-9121-47ad-9400-9d84ec3f94ff}</UniqueIdentifier>
    </Filter>
    <Filter Include="06. Asset\05. Texture">
      <UniqueIdentifier>{20b50ccb-f384-41c3-82a7-6920e6f9eb6b}</UniqueIdentifier>
    </Filter>
    <Filter Include="06. Asset\06. Sound">
      <UniqueIdentifier>{0bfdee38-cd3b-4823-a3b0-fea0503afba3}</UniqueIdentifier>
    </Filter>
    <Filter Include="06. Asset\Shader">
      <UniqueIdentifier>{44a31cae-c165-4b6c-a03a-b583ffc6d79d}</UniqueIdentifier>
    </Filter>
    <Filter Include="06. Asset\Shader\07. GraphicShader">
      <UniqueIdentifier>{fbc0d5e2-04ca-445d-b93e-29e2dfa42d32}</UniqueIdentifier>
    </Filter>
    <Filter Include="06. Asset\Shader\08. ComputeShader">
      <UniqueIdentifier>{6e77819b-eae1-4541-beb1-64537c0f8b6b}</UniqueIdentifier>
    </Filter>
    <Filter Include="04. Manager\07. CollisionMgr">
      <UniqueIdentifier>{f6d37147-521c-4cc9-a8f6-d3cff387ceb6}</UniqueIdentifier>
    </Filter>
    <Filter Include="06. Asset\07. Sprite">
      <UniqueIdentifier>{c47c9d4f-50b4-4eb4-94c3-58b8981fe3f0}</UniqueIdentifier>
    </Filter>
    <Filter Include="06. Asset\08. FlipBook">
      <UniqueIdentifier>{9b68643e-5dac-47e5-93a6-27e1e99cc98f}</UniqueIdentifier>
    </Filter>
    <Filter Include="08. Component\04. FlipBookComponent">
      <UniqueIdentifier>{dae971dd-7986-4fa8-bef6-07a0e8780303}</UniqueIdentifier>
    </Filter>
    <Filter Include="03. Device\StructuredBuffer">
      <UniqueIdentifier>{2e4bab79-0730-41a3-b6b7-5fdf6d4e72d4}</UniqueIdentifier>
    </Filter>
    <Filter Include="08. Component\RenderComponent">
      <UniqueIdentifier>{8d4f7f06-cfc7-4087-89e0-751fe3c80ca1}</UniqueIdentifier>
    </Filter>
    <Filter Include="08. Component\RenderComponent\01. MeshRenderer">
      <UniqueIdentifier>{c7334aa4-4d2e-410e-9cfe-dda80e320ad6}</UniqueIdentifier>
    </Filter>
    <Filter Include="08. Component\RenderComponent\02. TileMap">
      <UniqueIdentifier>{176247bc-06bb-46c0-b4eb-f1c52fec37dc}</UniqueIdentifier>
    </Filter>
    <Filter Include="08. Component\RenderComponent\03. ParticleSystem">
      <UniqueIdentifier>{48941e9a-1c85-4993-b876-d14c805bdd36}</UniqueIdentifier>
    </Filter>
    <Filter Include="08. Component\RenderComponent\04. Decal">
      <UniqueIdentifier>{390fb3ae-92b7-4875-ab5c-0654405897c0}</UniqueIdentifier>
    </Filter>
    <Filter Include="08. Component\RenderComponent\05. SkyBox">
      <UniqueIdentifier>{d62afbf9-4b96-40c8-91c1-7821756bb572}</UniqueIdentifier>
    </Filter>
    <Filter Include="08. Component\RenderComponent\06. LandScape">
      <UniqueIdentifier>{5a35c13d-92a8-40c7-b904-d87d2e6bd887}</UniqueIdentifier>
    </Filter>
    <Filter Include="08. Component\Script">
      <UniqueIdentifier>{2a90f398-6bef-44b2-9815-1c7e0ddb8f41}</UniqueIdentifier>
    </Filter>
    <Filter Include="08. Component\08. Light2D">
      <UniqueIdentifier>{3794311c-54c4-4348-aa13-2acd9f036c7f}</UniqueIdentifier>
    </Filter>
    <Filter Include="HLSL\01. Header">
      <UniqueIdentifier>{5f4d8f39-c9f4-4efa-af27-10bc2897e12c}</UniqueIdentifier>
    </Filter>
    <Filter Include="HLSL\02. Render">
      <UniqueIdentifier>{868f8309-9d1b-459f-91f9-7e502a086874}</UniqueIdentifier>
    </Filter>
    <Filter Include="HLSL\03. Compute">
      <UniqueIdentifier>{2b241f67-b290-461c-93a2-f3717c1712a0}</UniqueIdentifier>
    </Filter>
    <Filter Include="HLSL\02. Render\2D">
      <UniqueIdentifier>{60303d7f-16cb-428e-af3a-2e15b53213cc}</UniqueIdentifier>
    </Filter>
    <Filter Include="HLSL\02. Render\3D">
      <UniqueIdentifier>{0d21fd5e-631f-4a6e-af77-392b912366d9}</UniqueIdentifier>
    </Filter>
    <Filter Include="HLSL\02. Render\PostProcess">
      <UniqueIdentifier>{de6b8aba-d95d-4afd-9c56-f218f1df726d}</UniqueIdentifier>
    </Filter>
    <Filter Include="HLSL\03. Compute\01. SetColorShader">
      <UniqueIdentifier>{76aebe77-65e0-4929-9a85-15c1f24aa6a3}</UniqueIdentifier>
    </Filter>
    <Filter Include="HLSL\03. Compute\02. ParticleTick">
      <UniqueIdentifier>{da16591b-c8a8-42c8-84ab-fe612b282243}</UniqueIdentifier>
    </Filter>
    <Filter Include="04. Manager\08.FontMgr">
      <UniqueIdentifier>{36af2e89-8c3e-46ec-a38d-893395196a86}</UniqueIdentifier>
    </Filter>
  </ItemGroup>
  <ItemGroup>
    <None Include="SimpleMath.inl">
      <Filter>Module</Filter>
    </None>
  </ItemGroup>
  <ItemGroup>
    <FxCompile Include="func.fx">
      <Filter>HLSL\01. Header</Filter>
    </FxCompile>
    <FxCompile Include="struct.fx">
      <Filter>HLSL\01. Header</Filter>
    </FxCompile>
    <FxCompile Include="value.fx">
      <Filter>HLSL\01. Header</Filter>
    </FxCompile>
    <FxCompile Include="debug.fx">
      <Filter>HLSL\02. Render\2D</Filter>
    </FxCompile>
    <FxCompile Include="postprocess_0.fx">
      <Filter>HLSL\02. Render\PostProcess</Filter>
    </FxCompile>
    <FxCompile Include="postprocess_1.fx">
      <Filter>HLSL\02. Render\PostProcess</Filter>
    </FxCompile>
    <FxCompile Include="setcolor.fx">
      <Filter>HLSL\03. Compute\01. SetColorShader</Filter>
    </FxCompile>
    <FxCompile Include="std2d.fx">
      <Filter>HLSL\02. Render\2D</Filter>
    </FxCompile>
    <FxCompile Include="particle.fx">
      <Filter>HLSL\02. Render\2D</Filter>
    </FxCompile>
    <FxCompile Include="particletick.fx">
      <Filter>HLSL\03. Compute\02. ParticleTick</Filter>
    </FxCompile>
    <FxCompile Include="tilemap.fx">
      <Filter>HLSL\02. Render\2D</Filter>
    </FxCompile>
  </ItemGroup>
</Project>